# This file was autogenerated by Stack.
# You should not edit this file by hand.
# For more information, please see the documentation at:
#   https://docs.haskellstack.org/en/stable/lock_files

packages:
- completed:
    hackage: posix-pty-0.2.2@sha256:dd777df258b3b95fe01612c1204cde972ad1323c3289591ecc844ecb29e55e2b,1826
    pantry-tree:
      size: 512
      sha256: 1165406e7998cf570fad6274a406c0e8c08357a1e60668f9cc8c0f269f457e30
  original:
    hackage: posix-pty-0.2.2@sha256:dd777df258b3b95fe01612c1204cde972ad1323c3289591ecc844ecb29e55e2b,1826
- completed:
    hackage: command-0.1.1@sha256:5232b98c195bc3b8a6f35c55ccd2fa424abe355ca54cfcd836bbe7e494834773,1110
    pantry-tree:
      size: 167
      sha256: 1ecfeb4b1367de6b489dbda20be05df78beb07f71d7c0b1f471fab1cd9c8044a
  original:
    hackage: command-0.1.1@sha256:5232b98c195bc3b8a6f35c55ccd2fa424abe355ca54cfcd836bbe7e494834773,1110
- completed:
    hackage: KMP-0.2.0.0@sha256:6dfbac03ef00ebd9347234732cb86a40f62ab5a80c0cc6bedb8eb51766f7df28,2562
    pantry-tree:
      size: 387
      sha256: 13d08a26ae53a94126e69c605865e8583f401617cf4f06f5f8c72b04d1ce3bcb
  original:
    hackage: KMP-0.2.0.0@sha256:6dfbac03ef00ebd9347234732cb86a40f62ab5a80c0cc6bedb8eb51766f7df28,2562
- completed:
    hackage: hmatrix-csv-0.1.0.2@sha256:687460573413dbb23ba3eeff95e9fac342a2d439db1006846767a095e7f23356,1031
    pantry-tree:
      size: 215
      sha256: e61f0341b67f432dbd40ab8db106a2b18f441528534b5d05ce040fc3dbdd779c
  original:
    hackage: hmatrix-csv-0.1.0.2@sha256:687460573413dbb23ba3eeff95e9fac342a2d439db1006846767a095e7f23356,1031
- completed:
    name: hnutmeg
    version: 0.1.0.0
    git: https://github.com/AugustUnderground/hnutmeg.git
    pantry-tree:
      size: 1578
      sha256: 7671bf328375bf7d0b33a4c43daa9afd4afe994a4b66b8a2320e70c93ee7389e
    commit: 310c1384cd2509635be3a79d776d131af112a723
  original:
    git: https://github.com/AugustUnderground/hnutmeg.git
    commit: 310c1384cd2509635be3a79d776d131af112a723
- completed:
    name: hspectre
    version: 0.1.0.0
    git: https://github.com/AugustUnderground/hspectre.git
    pantry-tree:
      size: 1586
      sha256: e717a008907c9bec4ae36b27d14883cd000af876f62b63529ccd59f638b084dd
    commit: e7d1394d4e3ac210e87887af64caee732eb17c68
  original:
    git: https://github.com/AugustUnderground/hspectre.git
    commit: e7d1394d4e3ac210e87887af64caee732eb17c68
snapshots:
- completed:
    size: 587113
    url: https://raw.githubusercontent.com/commercialhaskell/stackage-snapshots/master/lts/18/6.yaml
    sha256: f74c482d7c93739ecf3abfbc0f2dea1c20a2dfb2462c689846ed55a9653b66f7
  original: lts-18.6
